{
    "_readme": [
        "This file locks the dependencies of your project to a known state",
        "Read more about it at https://getcomposer.org/doc/01-basic-usage.md#installing-dependencies",
        "This file is @generated automatically"
    ],
    "content-hash": "f71fbdae4e88d0d56119975777d141f8",
    "packages": [
        {
            "name": "be-framework/be",
            "version": "0.x-dev",
            "source": {
                "type": "git",
                "url": "https://github.com/koriym/be-framework.git",
                "reference": "d2cca8f10614a5b419bbf422dc8b89206f875d6d"
            },
            "dist": {
                "type": "zip",
                "url": "https://api.github.com/repos/koriym/be-framework/zipball/d2cca8f10614a5b419bbf422dc8b89206f875d6d",
                "reference": "d2cca8f10614a5b419bbf422dc8b89206f875d6d",
                "shasum": ""
            },
            "require": {
                "koriym/semantic-logger": "^0.2.1",
                "php": "^8.3",
                "ray/di": "^2.18",
                "ray/input-query": "^v1.0"
            },
            "require-dev": {
                "doctrine/coding-standard": "^14.0.x-dev",
                "justinrainbow/json-schema": "^6.5",
                "koriym/xdebug-mcp": "^0.3",
                "maglnet/composer-require-checker": "^4.7",
                "phpmd/phpmd": "^2.15",
                "phpstan/phpstan": "^2.1",
                "phpunit/phpunit": "^12.2",
                "vimeo/psalm": "^6.0@dev"
            },
            "default-branch": true,
            "type": "library",
            "autoload": {
                "psr-4": {
                    "Be\\Framework\\": [
                        "src/",
                        "tests/Fake/"
                    ],
                    "Koriym\\SchemaLogger\\": "src/SchemaLog/"
                }
            },
            "notification-url": "https://packagist.org/downloads/",
            "license": [
                "MIT"
            ],
            "authors": [
                {
                    "name": "Akihito Koriyama",
                    "email": "akihito.koriyama@gmail.com"
                }
            ],
            "description": "Be Framework - The Ontological Programming Framework for PHP",
            "support": {
                "issues": "https://github.com/koriym/be-framework/issues",
                "source": "https://github.com/koriym/be-framework/tree/0.x"
            },
            "time": "2025-09-09T15:27:26+00:00"
        },
        {
            "name": "doctrine/annotations",
            "version": "2.0.2",
            "source": {
                "type": "git",
                "url": "https://github.com/doctrine/annotations.git",
                "reference": "901c2ee5d26eb64ff43c47976e114bf00843acf7"
            },
            "dist": {
                "type": "zip",
                "url": "https://api.github.com/repos/doctrine/annotations/zipball/901c2ee5d26eb64ff43c47976e114bf00843acf7",
                "reference": "901c2ee5d26eb64ff43c47976e114bf00843acf7",
                "shasum": ""
            },
            "require": {
                "doctrine/lexer": "^2 || ^3",
                "ext-tokenizer": "*",
                "php": "^7.2 || ^8.0",
                "psr/cache": "^1 || ^2 || ^3"
            },
            "require-dev": {
                "doctrine/cache": "^2.0",
                "doctrine/coding-standard": "^10",
                "phpstan/phpstan": "^1.10.28",
                "phpunit/phpunit": "^7.5 || ^8.5 || ^9.5",
                "symfony/cache": "^5.4 || ^6.4 || ^7",
                "vimeo/psalm": "^4.30 || ^5.14"
            },
            "suggest": {
                "php": "PHP 8.0 or higher comes with attributes, a native replacement for annotations"
            },
            "type": "library",
            "autoload": {
                "psr-4": {
                    "Doctrine\\Common\\Annotations\\": "lib/Doctrine/Common/Annotations"
                }
            },
            "notification-url": "https://packagist.org/downloads/",
            "license": [
                "MIT"
            ],
            "authors": [
                {
                    "name": "Guilherme Blanco",
                    "email": "guilhermeblanco@gmail.com"
                },
                {
                    "name": "Roman Borschel",
                    "email": "roman@code-factory.org"
                },
                {
                    "name": "Benjamin Eberlei",
                    "email": "kontakt@beberlei.de"
                },
                {
                    "name": "Jonathan Wage",
                    "email": "jonwage@gmail.com"
                },
                {
                    "name": "Johannes Schmitt",
                    "email": "schmittjoh@gmail.com"
                }
            ],
            "description": "Docblock Annotations Parser",
            "homepage": "https://www.doctrine-project.org/projects/annotations.html",
            "keywords": [
                "annotations",
                "docblock",
                "parser"
            ],
            "support": {
                "issues": "https://github.com/doctrine/annotations/issues",
                "source": "https://github.com/doctrine/annotations/tree/2.0.2"
            },
            "time": "2024-09-05T10:17:24+00:00"
        },
        {
            "name": "doctrine/cache",
            "version": "2.2.0",
            "source": {
                "type": "git",
                "url": "https://github.com/doctrine/cache.git",
                "reference": "1ca8f21980e770095a31456042471a57bc4c68fb"
            },
            "dist": {
                "type": "zip",
                "url": "https://api.github.com/repos/doctrine/cache/zipball/1ca8f21980e770095a31456042471a57bc4c68fb",
                "reference": "1ca8f21980e770095a31456042471a57bc4c68fb",
                "shasum": ""
            },
            "require": {
                "php": "~7.1 || ^8.0"
            },
            "conflict": {
                "doctrine/common": ">2.2,<2.4"
            },
            "require-dev": {
                "cache/integration-tests": "dev-master",
                "doctrine/coding-standard": "^9",
                "phpunit/phpunit": "^7.5 || ^8.5 || ^9.5",
                "psr/cache": "^1.0 || ^2.0 || ^3.0",
                "symfony/cache": "^4.4 || ^5.4 || ^6",
                "symfony/var-exporter": "^4.4 || ^5.4 || ^6"
            },
            "type": "library",
            "autoload": {
                "psr-4": {
                    "Doctrine\\Common\\Cache\\": "lib/Doctrine/Common/Cache"
                }
            },
            "notification-url": "https://packagist.org/downloads/",
            "license": [
                "MIT"
            ],
            "authors": [
                {
                    "name": "Guilherme Blanco",
                    "email": "guilhermeblanco@gmail.com"
                },
                {
                    "name": "Roman Borschel",
                    "email": "roman@code-factory.org"
                },
                {
                    "name": "Benjamin Eberlei",
                    "email": "kontakt@beberlei.de"
                },
                {
                    "name": "Jonathan Wage",
                    "email": "jonwage@gmail.com"
                },
                {
                    "name": "Johannes Schmitt",
                    "email": "schmittjoh@gmail.com"
                }
            ],
            "description": "PHP Doctrine Cache library is a popular cache implementation that supports many different drivers such as redis, memcache, apc, mongodb and others.",
            "homepage": "https://www.doctrine-project.org/projects/cache.html",
            "keywords": [
                "abstraction",
                "apcu",
                "cache",
                "caching",
                "couchdb",
                "memcached",
                "php",
                "redis",
                "xcache"
            ],
            "support": {
                "issues": "https://github.com/doctrine/cache/issues",
                "source": "https://github.com/doctrine/cache/tree/2.2.0"
            },
            "funding": [
                {
                    "url": "https://www.doctrine-project.org/sponsorship.html",
                    "type": "custom"
                },
                {
                    "url": "https://www.patreon.com/phpdoctrine",
                    "type": "patreon"
                },
                {
                    "url": "https://tidelift.com/funding/github/packagist/doctrine%2Fcache",
                    "type": "tidelift"
                }
            ],
            "time": "2022-05-20T20:07:39+00:00"
        },
        {
            "name": "doctrine/lexer",
            "version": "3.0.1",
            "source": {
                "type": "git",
                "url": "https://github.com/doctrine/lexer.git",
                "reference": "31ad66abc0fc9e1a1f2d9bc6a42668d2fbbcd6dd"
            },
            "dist": {
                "type": "zip",
                "url": "https://api.github.com/repos/doctrine/lexer/zipball/31ad66abc0fc9e1a1f2d9bc6a42668d2fbbcd6dd",
                "reference": "31ad66abc0fc9e1a1f2d9bc6a42668d2fbbcd6dd",
                "shasum": ""
            },
            "require": {
                "php": "^8.1"
            },
            "require-dev": {
                "doctrine/coding-standard": "^12",
                "phpstan/phpstan": "^1.10",
                "phpunit/phpunit": "^10.5",
                "psalm/plugin-phpunit": "^0.18.3",
                "vimeo/psalm": "^5.21"
            },
            "type": "library",
            "autoload": {
                "psr-4": {
                    "Doctrine\\Common\\Lexer\\": "src"
                }
            },
            "notification-url": "https://packagist.org/downloads/",
            "license": [
                "MIT"
            ],
            "authors": [
                {
                    "name": "Guilherme Blanco",
                    "email": "guilhermeblanco@gmail.com"
                },
                {
                    "name": "Roman Borschel",
                    "email": "roman@code-factory.org"
                },
                {
                    "name": "Johannes Schmitt",
                    "email": "schmittjoh@gmail.com"
                }
            ],
            "description": "PHP Doctrine Lexer parser library that can be used in Top-Down, Recursive Descent Parsers.",
            "homepage": "https://www.doctrine-project.org/projects/lexer.html",
            "keywords": [
                "annotations",
                "docblock",
                "lexer",
                "parser",
                "php"
            ],
            "support": {
                "issues": "https://github.com/doctrine/lexer/issues",
                "source": "https://github.com/doctrine/lexer/tree/3.0.1"
            },
            "funding": [
                {
                    "url": "https://www.doctrine-project.org/sponsorship.html",
                    "type": "custom"
                },
                {
                    "url": "https://www.patreon.com/phpdoctrine",
                    "type": "patreon"
                },
                {
                    "url": "https://tidelift.com/funding/github/packagist/doctrine%2Flexer",
                    "type": "tidelift"
                }
            ],
            "time": "2024-02-05T11:56:58+00:00"
        },
        {
            "name": "justinrainbow/json-schema",
            "version": "6.5.2",
            "source": {
                "type": "git",
                "url": "https://github.com/jsonrainbow/json-schema.git",
                "reference": "ac0d369c09653cf7af561f6d91a705bc617a87b8"
            },
            "dist": {
                "type": "zip",
                "url": "https://api.github.com/repos/jsonrainbow/json-schema/zipball/ac0d369c09653cf7af561f6d91a705bc617a87b8",
                "reference": "ac0d369c09653cf7af561f6d91a705bc617a87b8",
                "shasum": ""
            },
            "require": {
                "ext-json": "*",
                "marc-mabe/php-enum": "^4.0",
                "php": "^7.2 || ^8.0"
            },
            "require-dev": {
                "friendsofphp/php-cs-fixer": "3.3.0",
                "json-schema/json-schema-test-suite": "^23.2",
                "marc-mabe/php-enum-phpstan": "^2.0",
                "phpspec/prophecy": "^1.19",
                "phpstan/phpstan": "^1.12",
                "phpunit/phpunit": "^8.5"
            },
            "bin": [
                "bin/validate-json"
            ],
            "type": "library",
            "extra": {
                "branch-alias": {
                    "dev-master": "6.x-dev"
                }
            },
            "autoload": {
                "psr-4": {
                    "JsonSchema\\": "src/JsonSchema/"
                }
            },
            "notification-url": "https://packagist.org/downloads/",
            "license": [
                "MIT"
            ],
            "authors": [
                {
                    "name": "Bruno Prieto Reis",
                    "email": "bruno.p.reis@gmail.com"
                },
                {
                    "name": "Justin Rainbow",
                    "email": "justin.rainbow@gmail.com"
                },
                {
                    "name": "Igor Wiedler",
                    "email": "igor@wiedler.ch"
                },
                {
                    "name": "Robert Schönthal",
                    "email": "seroscho@googlemail.com"
                }
            ],
            "description": "A library to validate a json schema.",
            "homepage": "https://github.com/jsonrainbow/json-schema",
            "keywords": [
                "json",
                "schema"
            ],
            "support": {
                "issues": "https://github.com/jsonrainbow/json-schema/issues",
                "source": "https://github.com/jsonrainbow/json-schema/tree/6.5.2"
            },
            "time": "2025-09-09T09:42:27+00:00"
        },
        {
            "name": "koriym/attributes",
            "version": "1.0.7",
            "source": {
                "type": "git",
                "url": "https://github.com/koriym/Koriym.Attributes.git",
                "reference": "6a8b270bec6ef98e2c817fc91ffc7bc07c5c734c"
            },
            "dist": {
                "type": "zip",
                "url": "https://api.github.com/repos/koriym/Koriym.Attributes/zipball/6a8b270bec6ef98e2c817fc91ffc7bc07c5c734c",
                "reference": "6a8b270bec6ef98e2c817fc91ffc7bc07c5c734c",
                "shasum": ""
            },
            "require": {
                "doctrine/annotations": "^1.12 || ^2.0",
                "php": "^7.2 || ^8.0"
            },
            "require-dev": {
                "bamarni/composer-bin-plugin": "^1.4",
                "ext-pdo": "*",
                "phpunit/phpunit": "^8.5.24 || ^9.5"
            },
            "suggest": {
                "koriym/param-reader": "An attribute/annotation reader for parameters"
            },
            "type": "library",
            "extra": {
                "bamarni-bin": {
                    "bin-links": true,
                    "forward-command": true,
                    "target-directory": "vendor-bin"
                }
            },
            "autoload": {
                "psr-4": {
                    "Koriym\\Attributes\\": "src"
                }
            },
            "notification-url": "https://packagist.org/downloads/",
            "license": [
                "MIT"
            ],
            "authors": [
                {
                    "name": "Akihito Koriyama",
                    "email": "akihito.koriyama@gmail.com"
                }
            ],
            "description": "An annotation/attribute reader",
            "keywords": [
                "annotation",
                "attribute"
            ],
            "support": {
                "issues": "https://github.com/koriym/Koriym.Attributes/issues",
                "source": "https://github.com/koriym/Koriym.Attributes/tree/1.0.7"
            },
            "time": "2025-08-08T21:14:03+00:00"
        },
        {
            "name": "koriym/null-object",
            "version": "1.0.4",
            "source": {
                "type": "git",
                "url": "https://github.com/koriym/Koriym.NullObject.git",
                "reference": "97687d240413a11f482c960391f50cdc4fe9b98b"
            },
            "dist": {
                "type": "zip",
                "url": "https://api.github.com/repos/koriym/Koriym.NullObject/zipball/97687d240413a11f482c960391f50cdc4fe9b98b",
                "reference": "97687d240413a11f482c960391f50cdc4fe9b98b",
                "shasum": ""
            },
            "require": {
                "php": "^7.2 || ^8.0"
            },
            "require-dev": {
                "bamarni/composer-bin-plugin": "^1.4",
                "doctrine/annotations": "^1.14 || ^2.0",
                "phpunit/phpunit": "^8.5.34 || ^9.6"
            },
            "type": "library",
            "extra": {
                "bamarni-bin": {
                    "bin-links": true,
                    "forward-command": true
                }
            },
            "autoload": {
                "files": [
                    "autoload.php"
                ],
                "psr-4": {
                    "Koriym\\NullObject\\": "src/"
                }
            },
            "notification-url": "https://packagist.org/downloads/",
            "license": [
                "MIT"
            ],
            "authors": [
                {
                    "name": "Akihito Koriyama",
                    "email": "akihito.koriyama@gmail.com"
                }
            ],
            "description": "Null object generator",
            "support": {
                "issues": "https://github.com/koriym/Koriym.NullObject/issues",
                "source": "https://github.com/koriym/Koriym.NullObject/tree/1.0.4"
            },
            "time": "2023-09-29T06:40:29+00:00"
        },
        {
            "name": "koriym/param-reader",
            "version": "1.1.0",
            "source": {
                "type": "git",
                "url": "https://github.com/koriym/Koriym.ParamReader.git",
                "reference": "e7e8ba3e88da9ee990c5e264d5f2b6b3757af57a"
            },
            "dist": {
                "type": "zip",
                "url": "https://api.github.com/repos/koriym/Koriym.ParamReader/zipball/e7e8ba3e88da9ee990c5e264d5f2b6b3757af57a",
                "reference": "e7e8ba3e88da9ee990c5e264d5f2b6b3757af57a",
                "shasum": ""
            },
            "require": {
                "doctrine/annotations": "^1.13 || ^2.0",
                "php": "^7.2 || ^8.0"
            },
            "require-dev": {
                "bamarni/composer-bin-plugin": "^1.4",
                "phpunit/phpunit": "^8.5.24"
            },
            "suggest": {
                "koriym/attributes": "doctrine/annotation Reader interface in order to read both doctrine/annotation and PHP 8 attributes."
            },
            "type": "library",
            "autoload": {
                "psr-4": {
                    "Koriym\\ParamReader\\": "src/"
                }
            },
            "notification-url": "https://packagist.org/downloads/",
            "license": [
                "MIT"
            ],
            "authors": [
                {
                    "name": "Akihito Koriyama",
                    "email": "akihito.koriyama@gmail.com"
                }
            ],
            "description": "An annotation/attribute reader for method parameter",
            "support": {
                "issues": "https://github.com/koriym/Koriym.ParamReader/issues",
                "source": "https://github.com/koriym/Koriym.ParamReader/tree/1.1.0"
            },
            "time": "2024-05-13T18:14:13+00:00"
        },
        {
            "name": "koriym/printo",
            "version": "1.0.1",
            "source": {
                "type": "git",
                "url": "https://github.com/koriym/print_o.git",
                "reference": "d969e4cc738a376d479c2125e7d62be88cfa9dbe"
            },
            "dist": {
                "type": "zip",
                "url": "https://api.github.com/repos/koriym/print_o/zipball/d969e4cc738a376d479c2125e7d62be88cfa9dbe",
                "reference": "d969e4cc738a376d479c2125e7d62be88cfa9dbe",
                "shasum": ""
            },
            "require": {
                "php": ">=5.4.0"
            },
            "type": "library",
            "extra": {
                "branch-alias": {
                    "dev-master": "1.0.x-dev"
                }
            },
            "autoload": {
                "files": [
                    "src/print_o.php"
                ],
                "psr-4": {
                    "Koriym\\Printo\\": "src/"
                }
            },
            "notification-url": "https://packagist.org/downloads/",
            "license": [
                "BSD-3-Clause"
            ],
            "authors": [
                {
                    "name": "Akihito Koriyama",
                    "email": "akihito.koriyama@gmail.com",
                    "homepage": "https://github.com/koriym"
                }
            ],
            "description": "An object graph visualizer.",
            "homepage": "https://github.com/koriym/print_o",
            "keywords": [
                "debug",
                "var_dump"
            ],
            "support": {
                "issues": "https://github.com/koriym/print_o/issues",
                "source": "https://github.com/koriym/print_o/tree/develop"
            },
            "time": "2015-02-13T19:04:21+00:00"
        },
        {
            "name": "koriym/semantic-logger",
            "version": "v0.2.1",
            "source": {
                "type": "git",
                "url": "https://github.com/koriym/Koriym.SemanticLogger.git",
                "reference": "894ca2a869c2c40f3004ac043c4a2a615f624ad7"
            },
            "dist": {
                "type": "zip",
                "url": "https://api.github.com/repos/koriym/Koriym.SemanticLogger/zipball/894ca2a869c2c40f3004ac043c4a2a615f624ad7",
                "reference": "894ca2a869c2c40f3004ac043c4a2a615f624ad7",
                "shasum": ""
            },
            "require": {
                "justinrainbow/json-schema": "^6.4",
                "php": "^8.1"
            },
            "require-dev": {
                "bamarni/composer-bin-plugin": "^1.8",
                "phpunit/phpunit": "^10.5"
            },
            "bin": [
                "bin/semantic-mcp",
                "bin/validate-semantic-log.php"
            ],
            "type": "library",
            "extra": {
                "bamarni-bin": {
                    "bin-links": true,
                    "forward-command": true
                }
            },
            "autoload": {
                "psr-4": {
                    "Koriym\\SemanticLogger\\": "src/"
                }
            },
            "notification-url": "https://packagist.org/downloads/",
            "license": [
                "MIT"
            ],
            "authors": [
                {
                    "name": "Akihito Koriyama",
                    "email": "akihito.koriyama@gmail.com"
                }
            ],
            "description": "Type-safe structured logging with schema validation and meaningful context",
            "support": {
                "issues": "https://github.com/koriym/Koriym.SemanticLogger/issues",
                "source": "https://github.com/koriym/Koriym.SemanticLogger/tree/v0.2.1"
            },
            "time": "2025-08-09T10:26:09+00:00"
        },
        {
            "name": "marc-mabe/php-enum",
            "version": "v4.7.1",
            "source": {
                "type": "git",
                "url": "https://github.com/marc-mabe/php-enum.git",
                "reference": "7159809e5cfa041dca28e61f7f7ae58063aae8ed"
            },
            "dist": {
                "type": "zip",
                "url": "https://api.github.com/repos/marc-mabe/php-enum/zipball/7159809e5cfa041dca28e61f7f7ae58063aae8ed",
                "reference": "7159809e5cfa041dca28e61f7f7ae58063aae8ed",
                "shasum": ""
            },
            "require": {
                "ext-reflection": "*",
                "php": "^7.1 | ^8.0"
            },
            "require-dev": {
                "phpbench/phpbench": "^0.16.10 || ^1.0.4",
                "phpstan/phpstan": "^1.3.1",
                "phpunit/phpunit": "^7.5.20 | ^8.5.22 | ^9.5.11",
                "vimeo/psalm": "^4.17.0 | ^5.26.1"
            },
            "type": "library",
            "extra": {
                "branch-alias": {
                    "dev-3.x": "3.2-dev",
                    "dev-master": "4.7-dev"
                }
            },
            "autoload": {
                "psr-4": {
                    "MabeEnum\\": "src/"
                },
                "classmap": [
                    "stubs/Stringable.php"
                ]
            },
            "notification-url": "https://packagist.org/downloads/",
            "license": [
                "BSD-3-Clause"
            ],
            "authors": [
                {
                    "name": "Marc Bennewitz",
                    "email": "dev@mabe.berlin",
                    "homepage": "https://mabe.berlin/",
                    "role": "Lead"
                }
            ],
            "description": "Simple and fast implementation of enumerations with native PHP",
            "homepage": "https://github.com/marc-mabe/php-enum",
            "keywords": [
                "enum",
                "enum-map",
                "enum-set",
                "enumeration",
                "enumerator",
                "enummap",
                "enumset",
                "map",
                "set",
                "type",
                "type-hint",
                "typehint"
            ],
            "support": {
                "issues": "https://github.com/marc-mabe/php-enum/issues",
                "source": "https://github.com/marc-mabe/php-enum/tree/v4.7.1"
            },
            "time": "2024-11-28T04:54:44+00:00"
        },
        {
            "name": "psr/cache",
            "version": "3.0.0",
            "source": {
                "type": "git",
                "url": "https://github.com/php-fig/cache.git",
                "reference": "aa5030cfa5405eccfdcb1083ce040c2cb8d253bf"
            },
            "dist": {
                "type": "zip",
                "url": "https://api.github.com/repos/php-fig/cache/zipball/aa5030cfa5405eccfdcb1083ce040c2cb8d253bf",
                "reference": "aa5030cfa5405eccfdcb1083ce040c2cb8d253bf",
                "shasum": ""
            },
            "require": {
                "php": ">=8.0.0"
            },
            "type": "library",
            "extra": {
                "branch-alias": {
                    "dev-master": "1.0.x-dev"
                }
            },
            "autoload": {
                "psr-4": {
                    "Psr\\Cache\\": "src/"
                }
            },
            "notification-url": "https://packagist.org/downloads/",
            "license": [
                "MIT"
            ],
            "authors": [
                {
                    "name": "PHP-FIG",
                    "homepage": "https://www.php-fig.org/"
                }
            ],
            "description": "Common interface for caching libraries",
            "keywords": [
                "cache",
                "psr",
                "psr-6"
            ],
            "support": {
                "source": "https://github.com/php-fig/cache/tree/3.0.0"
            },
            "time": "2021-02-03T23:26:27+00:00"
        },
        {
            "name": "ray/aop",
            "version": "2.18.0",
            "source": {
                "type": "git",
                "url": "https://github.com/ray-di/Ray.Aop.git",
                "reference": "d2460ec0a26b46523da0496b5cef7cfc38a3be68"
            },
            "dist": {
                "type": "zip",
                "url": "https://api.github.com/repos/ray-di/Ray.Aop/zipball/d2460ec0a26b46523da0496b5cef7cfc38a3be68",
                "reference": "d2460ec0a26b46523da0496b5cef7cfc38a3be68",
                "shasum": ""
            },
            "require": {
                "doctrine/annotations": "^1.12 || ^2.0",
                "ext-hash": "*",
                "ext-tokenizer": "*",
                "koriym/attributes": "^1.0.3",
                "php": "^7.2 || ^8.0"
            },
            "require-dev": {
                "bamarni/composer-bin-plugin": "^1.4.1",
                "nikic/php-parser": "^4.16",
                "phpunit/phpunit": "^8.5.23 || ^9.5.10"
            },
            "suggest": {
                "ray/di": "A dependency injection framework"
            },
            "type": "library",
            "extra": {
                "bamarni-bin": {
                    "bin-links": true,
                    "forward-command": true
                }
            },
            "autoload": {
                "files": [
                    "annotation_loader.php"
                ],
                "psr-4": {
                    "Ray\\Aop\\": [
                        "src/",
                        "src-php8"
                    ],
                    "Ray\\ServiceLocator\\": [
                        "sl-src/"
                    ]
                }
            },
            "notification-url": "https://packagist.org/downloads/",
            "license": [
                "MIT"
            ],
            "authors": [
                {
                    "name": "Akihito Koriyama",
                    "email": "akihito.koriyama@gmail.com"
                }
            ],
            "description": "An aspect oriented framework",
            "keywords": [
                "aop"
            ],
            "support": {
                "issues": "https://github.com/ray-di/Ray.Aop/issues",
                "source": "https://github.com/ray-di/Ray.Aop/tree/2.18.0"
            },
            "funding": [
                {
                    "url": "https://github.com/koriym",
                    "type": "github"
                },
                {
                    "url": "https://tidelift.com/funding/github/packagist/ray/aop",
                    "type": "tidelift"
                }
            ],
            "time": "2025-02-22T06:42:44+00:00"
        },
        {
            "name": "ray/compiler",
            "version": "1.11.0",
            "source": {
                "type": "git",
                "url": "https://github.com/ray-di/Ray.Compiler.git",
                "reference": "9d141a73a804b274190bc16e91ceae0ededdcf0e"
            },
            "dist": {
                "type": "zip",
                "url": "https://api.github.com/repos/ray-di/Ray.Compiler/zipball/9d141a73a804b274190bc16e91ceae0ededdcf0e",
                "reference": "9d141a73a804b274190bc16e91ceae0ededdcf0e",
                "shasum": ""
            },
            "require": {
                "doctrine/annotations": "^1.8 || ^2.0",
                "doctrine/cache": "^1.10 || ^2.1",
                "koriym/attributes": "^1.0",
                "koriym/null-object": "^1.0",
                "koriym/param-reader": "^1.0",
                "koriym/printo": "^1.0",
                "php": "^7.2 || ^8.0",
                "ray/aop": "^2.14",
                "ray/di": "^2.18"
            },
            "require-dev": {
                "bamarni/composer-bin-plugin": "^1.4",
                "ext-pdo": "*",
                "phpunit/phpunit": "^8.5.41 || ^9.5"
            },
            "type": "library",
            "extra": {
                "bamarni-bin": {
                    "bin-links": true,
                    "forward-command": true
                }
            },
            "autoload": {
                "files": [
                    "src-function/prototype.php",
                    "src-function/singleton.php"
                ],
                "psr-4": {
                    "Ray\\Compiler\\": [
                        "src",
                        "src-deprecated"
                    ]
                }
            },
            "notification-url": "https://packagist.org/downloads/",
            "license": [
                "MIT"
            ],
            "authors": [
                {
                    "name": "Akihito Koriyama",
                    "email": "akihito.koriyama@gmail.com"
                }
            ],
            "description": "A dependency injection compiler for Ray.Di",
            "keywords": [
                "codegen",
                "di",
                "src"
            ],
            "support": {
                "issues": "https://github.com/ray-di/Ray.Compiler/issues",
                "source": "https://github.com/ray-di/Ray.Compiler/tree/1.11.0"
            },
            "time": "2025-02-04T01:21:18+00:00"
        },
        {
            "name": "ray/di",
            "version": "2.18.0",
            "source": {
                "type": "git",
                "url": "https://github.com/ray-di/Ray.Di.git",
                "reference": "a7dc251a099f75d44624957a373bfb64a30d102c"
            },
            "dist": {
                "type": "zip",
                "url": "https://api.github.com/repos/ray-di/Ray.Di/zipball/a7dc251a099f75d44624957a373bfb64a30d102c",
                "reference": "a7dc251a099f75d44624957a373bfb64a30d102c",
                "shasum": ""
            },
            "require": {
                "koriym/attributes": "^1.0.4",
                "koriym/null-object": "^1.0",
                "koriym/param-reader": "^1.0",
                "php": "^7.2 || ^8.0",
                "ray/aop": "^2.16",
                "ray/compiler": "^1.10.3"
            },
            "require-dev": {
                "bamarni/composer-bin-plugin": "^1.4",
                "ext-pdo": "*",
                "phpunit/phpunit": "^8.5.40 || ^9.5"
            },
            "type": "library",
            "extra": {
                "bamarni-bin": {
                    "bin-links": true,
                    "forward-command": true
                }
            },
            "autoload": {
                "psr-4": {
                    "Ray\\Di\\": [
                        "src/di",
                        "src-deprecated/di"
                    ]
                }
            },
            "notification-url": "https://packagist.org/downloads/",
            "license": [
                "MIT"
            ],
            "authors": [
                {
                    "name": "Akihito Koriyama",
                    "email": "akihito.koriyama@gmail.com"
                }
            ],
            "description": "Guice style dependency injection framework",
            "keywords": [
                "aop",
                "di"
            ],
            "support": {
                "issues": "https://github.com/ray-di/Ray.Di/issues",
                "source": "https://github.com/ray-di/Ray.Di/tree/2.18.0"
            },
            "time": "2024-11-29T15:48:21+00:00"
        },
        {
            "name": "ray/input-query",
            "version": "v1.0.0",
            "source": {
                "type": "git",
                "url": "https://github.com/ray-di/Ray.InputQuery.git",
                "reference": "9d2954407a861a74e412eb12a5fc44e706ec36a9"
            },
            "dist": {
                "type": "zip",
                "url": "https://api.github.com/repos/ray-di/Ray.InputQuery/zipball/9d2954407a861a74e412eb12a5fc44e706ec36a9",
                "reference": "9d2954407a861a74e412eb12a5fc44e706ec36a9",
                "shasum": ""
            },
            "require": {
                "php": "^8.1",
                "ray/di": "^2.18",
                "symfony/polyfill-php83": "^1.28"
            },
            "require-dev": {
                "bamarni/composer-bin-plugin": "^1.8",
                "koriym/file-upload": "^0.2.0",
                "phpunit/phpunit": "^10.5"
            },
            "suggest": {
                "koriym/file-upload": "For file upload handling integration"
            },
            "type": "library",
            "extra": {
                "bamarni-bin": {
                    "bin-links": true,
                    "forward-command": true
                }
            },
            "autoload": {
                "psr-4": {
                    "Ray\\InputQuery\\": "src/"
                }
            },
            "notification-url": "https://packagist.org/downloads/",
            "license": [
                "MIT"
            ],
            "authors": [
                {
                    "name": "Akihito Koriyama",
                    "email": "akihito.koriyama@gmail.com"
                }
            ],
            "description": "Structured input objects from HTTP",
            "support": {
                "issues": "https://github.com/ray-di/Ray.InputQuery/issues",
                "source": "https://github.com/ray-di/Ray.InputQuery/tree/v1.0.0"
            },
            "time": "2025-07-16T15:19:01+00:00"
        },
        {
            "name": "symfony/polyfill-php83",
            "version": "v1.33.0",
            "source": {
                "type": "git",
                "url": "https://github.com/symfony/polyfill-php83.git",
                "reference": "17f6f9a6b1735c0f163024d959f700cfbc5155e5"
            },
            "dist": {
                "type": "zip",
                "url": "https://api.github.com/repos/symfony/polyfill-php83/zipball/17f6f9a6b1735c0f163024d959f700cfbc5155e5",
                "reference": "17f6f9a6b1735c0f163024d959f700cfbc5155e5",
                "shasum": ""
            },
            "require": {
                "php": ">=7.2"
            },
            "type": "library",
            "extra": {
                "thanks": {
                    "url": "https://github.com/symfony/polyfill",
                    "name": "symfony/polyfill"
                }
            },
            "autoload": {
                "files": [
                    "bootstrap.php"
                ],
                "psr-4": {
                    "Symfony\\Polyfill\\Php83\\": ""
                },
                "classmap": [
                    "Resources/stubs"
                ]
            },
            "notification-url": "https://packagist.org/downloads/",
            "license": [
                "MIT"
            ],
            "authors": [
                {
                    "name": "Nicolas Grekas",
                    "email": "p@tchwork.com"
                },
                {
                    "name": "Symfony Community",
                    "homepage": "https://symfony.com/contributors"
                }
            ],
            "description": "Symfony polyfill backporting some PHP 8.3+ features to lower PHP versions",
            "homepage": "https://symfony.com",
            "keywords": [
                "compatibility",
                "polyfill",
                "portable",
                "shim"
            ],
            "support": {
                "source": "https://github.com/symfony/polyfill-php83/tree/v1.33.0"
            },
            "funding": [
                {
                    "url": "https://symfony.com/sponsor",
                    "type": "custom"
                },
                {
                    "url": "https://github.com/fabpot",
                    "type": "github"
                },
                {
                    "url": "https://github.com/nicolas-grekas",
                    "type": "github"
                },
                {
                    "url": "https://tidelift.com/funding/github/packagist/symfony/symfony",
                    "type": "tidelift"
                }
            ],
            "time": "2025-07-08T02:45:35+00:00"
        }
    ],
    "packages-dev": [],
    "aliases": [],
    "minimum-stability": "stable",
    "stability-flags": {
        "be-framework/be": 20
    },
    "prefer-stable": false,
    "prefer-lowest": false,
    "platform": {},
    "platform-dev": {},
    "plugin-api-version": "2.6.0"
}
